{
  "../../lib/v2-core": {
    "rev": "4dd59067c76dea4a0e8e4bfdda41877a6b16dedc"
  },
  "../../lib/v2-periphery": {
    "rev": "0335e8f7e1bd1e8d8329fd300aea2ef2f36dd19f"
  },
  "lib/v2-core": {
    "tag": {
      "name": "v1.0.1",
      "rev": "4dd59067c76dea4a0e8e4bfdda41877a6b16dedc"
    }
  },
  "lib/v2-periphery": {
    "rev": "0335e8f7e1bd1e8d8329fd300aea2ef2f36dd19f"
  }
}
